<?xml version="1.0" encoding="utf-8"?>
<Project ToolsVersion="4.0" xmlns="http://schemas.microsoft.com/developer/msbuild/2003">
  <ItemGroup>
    <Filter Include="Source Files">
      <UniqueIdentifier>{6da2ac12-283d-4e84-9eb4-9e2aa37ee2e5}</UniqueIdentifier>
      <Extensions>cpp;c;cxx;rc;def;r;odl;idl;hpj;bat</Extensions>
    </Filter>
    <Filter Include="Header Files">
      <UniqueIdentifier>{a4213bc4-37b6-4a47-b007-53954c24d598}</UniqueIdentifier>
      <Extensions>h;hpp;hxx;hm;inl</Extensions>
    </Filter>
    <Filter Include="Resource Files">
      <UniqueIdentifier>{f8a33139-7da5-4dad-a60f-89ce7bb14012}</UniqueIdentifier>
      <Extensions>ico;cur;bmp;dlg;rc2;rct;bin;rgs;gif;jpg;jpeg;jpe</Extensions>
    </Filter>
  </ItemGroup>
  <ItemGroup>
    <ClCompile Include="Ability.cpp">
      <Filter>Source Files</Filter>
    </ClCompile>
    <ClCompile Include="ArenaManager.cpp">
      <Filter>Source Files</Filter>
    </ClCompile>
    <ClCompile Include="auction.cpp">
      <Filter>Source Files</Filter>
    </ClCompile>
    <ClCompile Include="Battle.cpp">
      <Filter>Source Files</Filter>
    </ClCompile>
    <ClCompile Include="BattleMgr.cpp">
      <Filter>Source Files</Filter>
    </ClCompile>
    <ClCompile Include="char.cpp">
      <Filter>Source Files</Filter>
    </ClCompile>
    <ClCompile Include="CharDataTable.cpp">
      <Filter>Source Files</Filter>
    </ClCompile>
    <ClCompile Include="Chat.cpp">
      <Filter>Source Files</Filter>
    </ClCompile>
    <ClCompile Include="CMessage.cpp">
      <Filter>Source Files</Filter>
    </ClCompile>
    <ClCompile Include="CombatSys.cpp">
      <Filter>Source Files</Filter>
    </ClCompile>
    <ClCompile Include="Compress.cpp">
      <Filter>Source Files</Filter>
    </ClCompile>
    <ClCompile Include="convert565to555.cpp">
      <Filter>Source Files</Filter>
    </ClCompile>
    <ClCompile Include="Counseler.cpp">
      <Filter>Source Files</Filter>
    </ClCompile>
    <ClCompile Include="CrackMgr.cpp">
      <Filter>Source Files</Filter>
    </ClCompile>
    <ClCompile Include="CReadArgument.cpp">
      <Filter>Source Files</Filter>
    </ClCompile>
    <ClCompile Include="cScreenEffect.cpp">
      <Filter>Source Files</Filter>
    </ClCompile>
    <ClCompile Include="CurrentMsgMgr.cpp">
      <Filter>Source Files</Filter>
    </ClCompile>
    <ClCompile Include="DebugLog.cpp">
      <Filter>Source Files</Filter>
    </ClCompile>
    <ClCompile Include="directdraw.cpp">
      <Filter>Source Files</Filter>
    </ClCompile>
    <ClCompile Include="directinput.cpp">
      <Filter>Source Files</Filter>
    </ClCompile>
    <ClCompile Include="directsound.cpp">
      <Filter>Source Files</Filter>
    </ClCompile>
    <ClCompile Include="dragon.cpp">
      <Filter>Source Files</Filter>
    </ClCompile>
    <ClCompile Include="DualMgr.cpp">
      <Filter>Source Files</Filter>
    </ClCompile>
    <ClCompile Include="EditWndMgr.cpp">
      <Filter>Source Files</Filter>
    </ClCompile>
    <ClCompile Include="Effect.cpp">
      <Filter>Source Files</Filter>
    </ClCompile>
    <ClCompile Include="exchangemgr.cpp">
      <Filter>Source Files</Filter>
    </ClCompile>
    <ClCompile Include="FrameMgr.cpp">
      <Filter>Source Files</Filter>
    </ClCompile>
    <ClCompile Include="ftwbrk.cpp">
      <Filter>Source Files</Filter>
    </ClCompile>
    <ClCompile Include="gameproc.cpp">
      <Filter>Source Files</Filter>
    </ClCompile>
    <ClCompile Include="Hangul.cpp">
      <Filter>Source Files</Filter>
    </ClCompile>
    <ClCompile Include="Hong_Light.cpp">
      <Filter>Source Files</Filter>
    </ClCompile>
    <ClCompile Include="Hong_Sprite.cpp">
      <Filter>Source Files</Filter>
    </ClCompile>
    <ClCompile Include="Hong_Sub.cpp">
      <Filter>Source Files</Filter>
    </ClCompile>
    <ClCompile Include="Horse.cpp">
      <Filter>Source Files</Filter>
    </ClCompile>
    <ClCompile Include="House.cpp">
      <Filter>Source Files</Filter>
    </ClCompile>
    <ClCompile Include="HunterSystem.cpp">
      <Filter>Source Files</Filter>
    </ClCompile>
    <ClCompile Include="item.cpp">
      <Filter>Source Files</Filter>
    </ClCompile>
    <ClCompile Include="ItemTable.cpp">
      <Filter>Source Files</Filter>
    </ClCompile>
    <ClCompile Include="kh_cpp.cpp">
      <Filter>Source Files</Filter>
    </ClCompile>
    <ClCompile Include="kh_menu.cpp">
      <Filter>Source Files</Filter>
    </ClCompile>
    <ClCompile Include="kh_menuset.cpp">
      <Filter>Source Files</Filter>
    </ClCompile>
    <ClCompile Include="Language.cpp">
      <Filter>Source Files</Filter>
    </ClCompile>
    <ClCompile Include="LineCommand.cpp">
      <Filter>Source Files</Filter>
    </ClCompile>
    <ClCompile Include="LottoMgr.cpp">
      <Filter>Source Files</Filter>
    </ClCompile>
    <ClCompile Include="LTSSupprot.cpp">
      <Filter>Source Files</Filter>
    </ClCompile>
    <ClCompile Include="MagicSys.cpp">
      <Filter>Source Files</Filter>
    </ClCompile>
    <ClCompile Include="MailMgr.cpp">
      <Filter>Source Files</Filter>
    </ClCompile>
    <ClCompile Include="map.cpp">
      <Filter>Source Files</Filter>
    </ClCompile>
    <ClCompile Include="MapInfo.cpp">
      <Filter>Source Files</Filter>
    </ClCompile>
    <ClCompile Include="Menu.cpp">
      <Filter>Source Files</Filter>
    </ClCompile>
    <ClCompile Include="menufunctions.cpp">
      <Filter>Source Files</Filter>
    </ClCompile>
    <ClCompile Include="MenuNetwork.cpp">
      <Filter>Source Files</Filter>
    </ClCompile>
    <ClCompile Include="MenuSet.cpp">
      <Filter>Source Files</Filter>
    </ClCompile>
    <ClCompile Include="MenuStart.cpp">
      <Filter>Source Files</Filter>
    </ClCompile>
    <ClCompile Include="MenuStartSet.cpp">
      <Filter>Source Files</Filter>
    </ClCompile>
    <ClCompile Include="MergeData.cpp">
      <Filter>Source Files</Filter>
    </ClCompile>
    <ClCompile Include="midi.cpp">
      <Filter>Source Files</Filter>
    </ClCompile>
    <ClCompile Include="MouseCursor.cpp">
      <Filter>Source Files</Filter>
    </ClCompile>
    <ClCompile Include="Music.cpp">
      <Filter>Source Files</Filter>
    </ClCompile>
    <ClCompile Include="nationsupport.cpp">
      <Filter>Source Files</Filter>
    </ClCompile>
    <ClCompile Include="NationSys.cpp">
      <Filter>Source Files</Filter>
    </ClCompile>
    <ClCompile Include="network.cpp">
      <Filter>Source Files</Filter>
    </ClCompile>
    <ClCompile Include="network2.cpp">
      <Filter>Source Files</Filter>
    </ClCompile>
    <ClCompile Include="network6.cpp">
      <Filter>Source Files</Filter>
    </ClCompile>
    <ClCompile Include="network7.cpp">
      <Filter>Source Files</Filter>
    </ClCompile>
    <ClCompile Include="NPC_18.cpp">
      <Filter>Source Files</Filter>
    </ClCompile>
    <ClCompile Include="NPC_pattern.cpp">
      <Filter>Source Files</Filter>
    </ClCompile>
    <ClCompile Include="NumberAniMgr.cpp">
      <Filter>Source Files</Filter>
    </ClCompile>
    <ClCompile Include="object.cpp">
      <Filter>Source Files</Filter>
    </ClCompile>
    <ClCompile Include="path.cpp">
      <Filter>Source Files</Filter>
    </ClCompile>
    <ClCompile Include="Profiler.cpp">
      <Filter>Source Files</Filter>
    </ClCompile>
    <ClCompile Include="Quest.cpp">
      <Filter>Source Files</Filter>
    </ClCompile>
    <ClCompile Include="QuestFunction.cpp">
      <Filter>Source Files</Filter>
    </ClCompile>
    <ClCompile Include="QuestLog.cpp">
      <Filter>Source Files</Filter>
    </ClCompile>
    <ClCompile Include="SecuritySystem.cpp">
      <Filter>Source Files</Filter>
    </ClCompile>
    <ClCompile Include="Skill.cpp">
      <Filter>Source Files</Filter>
    </ClCompile>
    <ClCompile Include="skill_lsw.cpp">
      <Filter>Source Files</Filter>
    </ClCompile>
    <ClCompile Include="SkillTool.cpp">
      <Filter>Source Files</Filter>
    </ClCompile>
    <ClCompile Include="SmallMenu.cpp">
      <Filter>Source Files</Filter>
    </ClCompile>
    <ClCompile Include="SmallMenuSet.cpp">
      <Filter>Source Files</Filter>
    </ClCompile>
    <ClCompile Include="StdAfx.cpp">
      <Filter>Source Files</Filter>
    </ClCompile>
    <ClCompile Include="StrikeSys.cpp">
      <Filter>Source Files</Filter>
    </ClCompile>
    <ClCompile Include="sub_funtion.cpp">
      <Filter>Source Files</Filter>
    </ClCompile>
    <ClCompile Include="SymbolMgr_Client.cpp">
      <Filter>Source Files</Filter>
    </ClCompile>
    <ClCompile Include="teambattle.cpp">
      <Filter>Source Files</Filter>
    </ClCompile>
    <ClCompile Include="TextOutMgr.cpp">
      <Filter>Source Files</Filter>
    </ClCompile>
    <ClCompile Include="Tool.cpp">
      <Filter>Source Files</Filter>
    </ClCompile>
    <ClCompile Include="word.cpp">
      <Filter>Source Files</Filter>
    </ClCompile>
    <ClCompile Include="XorCrypt.cpp">
      <Filter>Source Files</Filter>
    </ClCompile>
    <ClCompile Include="Prison.cpp">
      <Filter>Source Files</Filter>
    </ClCompile>
    <ClCompile Include="BuffTimer.cpp">
      <Filter>Source Files</Filter>
    </ClCompile>
    <ClCompile Include="SDLRenderer.cpp">
      <Filter>Source Files</Filter>
    </ClCompile>
    <ClCompile Include="Logger.cpp">
      <Filter>Source Files</Filter>
    </ClCompile>
    <ClCompile Include="BanSys.cpp">
      <Filter>Source Files</Filter>
    </ClCompile>
    <ClCompile Include="Global.cpp">
      <Filter>Source Files</Filter>
    </ClCompile>
  </ItemGroup>
  <ItemGroup>
    <ResourceCompile Include="dragon.rc">
      <Filter>Source Files</Filter>
    </ResourceCompile>
  </ItemGroup>
  <ItemGroup>
    <ClInclude Include="Ability.h">
      <Filter>Header Files</Filter>
    </ClInclude>
    <ClInclude Include="Common\Anti_Other.h">
      <Filter>Header Files</Filter>
    </ClInclude>
    <ClInclude Include="ArenaManager.h">
      <Filter>Header Files</Filter>
    </ClInclude>
    <ClInclude Include="auction.h">
      <Filter>Header Files</Filter>
    </ClInclude>
    <ClInclude Include="Battle.h">
      <Filter>Header Files</Filter>
    </ClInclude>
    <ClInclude Include="BattleMgr.h">
      <Filter>Header Files</Filter>
    </ClInclude>
    <ClInclude Include="char.h">
      <Filter>Header Files</Filter>
    </ClInclude>
    <ClInclude Include="CharDataTable.h">
      <Filter>Header Files</Filter>
    </ClInclude>
    <ClInclude Include="Chat.h">
      <Filter>Header Files</Filter>
    </ClInclude>
    <ClInclude Include="chigamec.h">
      <Filter>Header Files</Filter>
    </ClInclude>
    <ClInclude Include="CMessage.h">
      <Filter>Header Files</Filter>
    </ClInclude>
    <ClInclude Include="CombatSys.h">
      <Filter>Header Files</Filter>
    </ClInclude>
    <ClInclude Include="Common\Common.h">
      <Filter>Header Files</Filter>
    </ClInclude>
    <ClInclude Include="Compress.h">
      <Filter>Header Files</Filter>
    </ClInclude>
    <ClInclude Include="convert565to555.h">
      <Filter>Header Files</Filter>
    </ClInclude>
    <ClInclude Include="Counseler.h">
      <Filter>Header Files</Filter>
    </ClInclude>
    <ClInclude Include="CrackMgr.h">
      <Filter>Header Files</Filter>
    </ClInclude>
    <ClInclude Include="CReadArgument.h">
      <Filter>Header Files</Filter>
    </ClInclude>
    <ClInclude Include="cScreenEffect.h">
      <Filter>Header Files</Filter>
    </ClInclude>
    <ClInclude Include="Common\CSharedMem.h">
      <Filter>Header Files</Filter>
    </ClInclude>
    <ClInclude Include="CurrentMsgMgr.h">
      <Filter>Header Files</Filter>
    </ClInclude>
    <ClInclude Include="DebugLog.h">
      <Filter>Header Files</Filter>
    </ClInclude>
    <ClInclude Include="directdraw.h">
      <Filter>Header Files</Filter>
    </ClInclude>
    <ClInclude Include="directinput.h">
      <Filter>Header Files</Filter>
    </ClInclude>
    <ClInclude Include="directsound.h">
      <Filter>Header Files</Filter>
    </ClInclude>
    <ClInclude Include="dragon.h">
      <Filter>Header Files</Filter>
    </ClInclude>
    <ClInclude Include="DualMgr.h">
      <Filter>Header Files</Filter>
    </ClInclude>
    <ClInclude Include="EditWndMgr.h">
      <Filter>Header Files</Filter>
    </ClInclude>
    <ClInclude Include="Effect.h">
      <Filter>Header Files</Filter>
    </ClInclude>
    <ClInclude Include="exchangemgr.h">
      <Filter>Header Files</Filter>
    </ClInclude>
    <ClInclude Include="FileMgr.h">
      <Filter>Header Files</Filter>
    </ClInclude>
    <ClInclude Include="FrameMgr.h">
      <Filter>Header Files</Filter>
    </ClInclude>
    <ClInclude Include="ftwbrk.h">
      <Filter>Header Files</Filter>
    </ClInclude>
    <ClInclude Include="gameproc.h">
      <Filter>Header Files</Filter>
    </ClInclude>
    <ClInclude Include="Hangul.h">
      <Filter>Header Files</Filter>
    </ClInclude>
    <ClInclude Include="Hong_Light.h">
      <Filter>Header Files</Filter>
    </ClInclude>
    <ClInclude Include="Hong_Sprite.h">
      <Filter>Header Files</Filter>
    </ClInclude>
    <ClInclude Include="Hong_Sub.h">
      <Filter>Header Files</Filter>
    </ClInclude>
    <ClInclude Include="Horse.h">
      <Filter>Header Files</Filter>
    </ClInclude>
    <ClInclude Include="house.h">
      <Filter>Header Files</Filter>
    </ClInclude>
    <ClInclude Include="HunterSystem.h">
      <Filter>Header Files</Filter>
    </ClInclude>
    <ClInclude Include="ijl.h">
      <Filter>Header Files</Filter>
    </ClInclude>
    <ClInclude Include="Item.h">
      <Filter>Header Files</Filter>
    </ClInclude>
    <ClInclude Include="ItemTable.h">
      <Filter>Header Files</Filter>
    </ClInclude>
    <ClInclude Include="Kein_stl.h">
      <Filter>Header Files</Filter>
    </ClInclude>
    <ClInclude Include="kh_cpp.h">
      <Filter>Header Files</Filter>
    </ClInclude>
    <ClInclude Include="language.h">
      <Filter>Header Files</Filter>
    </ClInclude>
    <ClInclude Include="LineCommand.h">
      <Filter>Header Files</Filter>
    </ClInclude>
    <ClInclude Include="LottoMgr.h">
      <Filter>Header Files</Filter>
    </ClInclude>
    <ClInclude Include="MagicSys.h">
      <Filter>Header Files</Filter>
    </ClInclude>
    <ClInclude Include="MailMgr.h">
      <Filter>Header Files</Filter>
    </ClInclude>
    <ClInclude Include="map.h">
      <Filter>Header Files</Filter>
    </ClInclude>
    <ClInclude Include="MapInfo.h">
      <Filter>Header Files</Filter>
    </ClInclude>
    <ClInclude Include="Menu.h">
      <Filter>Header Files</Filter>
    </ClInclude>
    <ClInclude Include="MenuDef.h">
      <Filter>Header Files</Filter>
    </ClInclude>
    <ClInclude Include="menudef2.h">
      <Filter>Header Files</Filter>
    </ClInclude>
    <ClInclude Include="MenuDefine.h">
      <Filter>Header Files</Filter>
    </ClInclude>
    <ClInclude Include="menufunctions.h">
      <Filter>Header Files</Filter>
    </ClInclude>
    <ClInclude Include="MenuNetwork.h">
      <Filter>Header Files</Filter>
    </ClInclude>
    <ClInclude Include="MenuSet.h">
      <Filter>Header Files</Filter>
    </ClInclude>
    <ClInclude Include="MenuStartSet.h">
      <Filter>Header Files</Filter>
    </ClInclude>
    <ClInclude Include="MergeData.h">
      <Filter>Header Files</Filter>
    </ClInclude>
    <ClInclude Include="midi.h">
      <Filter>Header Files</Filter>
    </ClInclude>
    <ClInclude Include="MouseCursor.h">
      <Filter>Header Files</Filter>
    </ClInclude>
    <ClInclude Include="Music.h">
      <Filter>Header Files</Filter>
    </ClInclude>
    <ClInclude Include="mytypes.h">
      <Filter>Header Files</Filter>
    </ClInclude>
    <ClInclude Include="nationsupport.H">
      <Filter>Header Files</Filter>
    </ClInclude>
    <ClInclude Include="NationSys.h">
      <Filter>Header Files</Filter>
    </ClInclude>
    <ClInclude Include="network.h">
      <Filter>Header Files</Filter>
    </ClInclude>
    <ClInclude Include="Network2.h">
      <Filter>Header Files</Filter>
    </ClInclude>
    <ClInclude Include="Network3.h">
      <Filter>Header Files</Filter>
    </ClInclude>
    <ClInclude Include="NetWork4.h">
      <Filter>Header Files</Filter>
    </ClInclude>
    <ClInclude Include="Network5.h">
      <Filter>Header Files</Filter>
    </ClInclude>
    <ClInclude Include="Network6.h">
      <Filter>Header Files</Filter>
    </ClInclude>
    <ClInclude Include="network7.h">
      <Filter>Header Files</Filter>
    </ClInclude>
    <ClInclude Include="NPC_Pattern.h">
      <Filter>Header Files</Filter>
    </ClInclude>
    <ClInclude Include="NumberAniMgr.h">
      <Filter>Header Files</Filter>
    </ClInclude>
    <ClInclude Include="object.h">
      <Filter>Header Files</Filter>
    </ClInclude>
    <ClInclude Include="path.h">
      <Filter>Header Files</Filter>
    </ClInclude>
    <ClInclude Include="Profiler.h">
      <Filter>Header Files</Filter>
    </ClInclude>
    <ClInclude Include="Common\Psapi.h">
      <Filter>Header Files</Filter>
    </ClInclude>
    <ClInclude Include="QuestFunction.h">
      <Filter>Header Files</Filter>
    </ClInclude>
    <ClInclude Include="QuestLog.h">
      <Filter>Header Files</Filter>
    </ClInclude>
    <ClInclude Include="resource.h">
      <Filter>Header Files</Filter>
    </ClInclude>
    <ClInclude Include="SDDIALOG.H">
      <Filter>Header Files</Filter>
    </ClInclude>
    <ClInclude Include="Sdlang.h">
      <Filter>Header Files</Filter>
    </ClInclude>
    <ClInclude Include="SealStone.h">
      <Filter>Header Files</Filter>
    </ClInclude>
    <ClInclude Include="SecuritySystem.h">
      <Filter>Header Files</Filter>
    </ClInclude>
    <ClInclude Include="Skill.h">
      <Filter>Header Files</Filter>
    </ClInclude>
    <ClInclude Include="skill_lsw.h">
      <Filter>Header Files</Filter>
    </ClInclude>
    <ClInclude Include="SkillTool.h">
      <Filter>Header Files</Filter>
    </ClInclude>
    <ClInclude Include="SmallMenu.h">
      <Filter>Header Files</Filter>
    </ClInclude>
    <ClInclude Include="SmallMenuSet.h">
      <Filter>Header Files</Filter>
    </ClInclude>
    <ClInclude Include="StdAfx.h">
      <Filter>Header Files</Filter>
    </ClInclude>
    <ClInclude Include="StrikeSys.h">
      <Filter>Header Files</Filter>
    </ClInclude>
    <ClInclude Include="SymbolMgr_Client.h">
      <Filter>Header Files</Filter>
    </ClInclude>
    <ClInclude Include="teambattle.h">
      <Filter>Header Files</Filter>
    </ClInclude>
    <ClInclude Include="TextOutMgr.h">
      <Filter>Header Files</Filter>
    </ClInclude>
    <ClInclude Include="Tool.h">
      <Filter>Header Files</Filter>
    </ClInclude>
    <ClInclude Include="word.h">
      <Filter>Header Files</Filter>
    </ClInclude>
    <ClInclude Include="XorCrypt.h">
      <Filter>Header Files</Filter>
    </ClInclude>
    <ClInclude Include="Prison.h">
      <Filter>Header Files</Filter>
    </ClInclude>
    <ClInclude Include="BuffTimer.h">
      <Filter>Header Files</Filter>
    </ClInclude>
    <ClInclude Include="SDLRenderer.h">
      <Filter>Header Files</Filter>
    </ClInclude>
    <ClInclude Include="Global.h">
      <Filter>Header Files</Filter>
    </ClInclude>
    <ClInclude Include="Logger.h">
      <Filter>Header Files</Filter>
    </ClInclude>
    <ClInclude Include="spdlog\cfg\argv.h">
      <Filter>Header Files</Filter>
    </ClInclude>
    <ClInclude Include="spdlog\cfg\env.h">
      <Filter>Header Files</Filter>
    </ClInclude>
    <ClInclude Include="spdlog\cfg\helpers.h">
      <Filter>Header Files</Filter>
    </ClInclude>
    <ClInclude Include="spdlog\cfg\helpers-inl.h">
      <Filter>Header Files</Filter>
    </ClInclude>
    <ClInclude Include="spdlog\details\backtracer.h">
      <Filter>Header Files</Filter>
    </ClInclude>
    <ClInclude Include="spdlog\details\backtracer-inl.h">
      <Filter>Header Files</Filter>
    </ClInclude>
    <ClInclude Include="spdlog\details\circular_q.h">
      <Filter>Header Files</Filter>
    </ClInclude>
    <ClInclude Include="spdlog\details\console_globals.h">
      <Filter>Header Files</Filter>
    </ClInclude>
    <ClInclude Include="spdlog\details\file_helper.h">
      <Filter>Header Files</Filter>
    </ClInclude>
    <ClInclude Include="spdlog\details\file_helper-inl.h">
      <Filter>Header Files</Filter>
    </ClInclude>
    <ClInclude Include="spdlog\details\fmt_helper.h">
      <Filter>Header Files</Filter>
    </ClInclude>
    <ClInclude Include="spdlog\details\log_msg.h">
      <Filter>Header Files</Filter>
    </ClInclude>
    <ClInclude Include="spdlog\details\log_msg_buffer.h">
      <Filter>Header Files</Filter>
    </ClInclude>
    <ClInclude Include="spdlog\details\log_msg_buffer-inl.h">
      <Filter>Header Files</Filter>
    </ClInclude>
    <ClInclude Include="spdlog\details\log_msg-inl.h">
      <Filter>Header Files</Filter>
    </ClInclude>
    <ClInclude Include="spdlog\details\mpmc_blocking_q.h">
      <Filter>Header Files</Filter>
    </ClInclude>
    <ClInclude Include="spdlog\details\null_mutex.h">
      <Filter>Header Files</Filter>
    </ClInclude>
    <ClInclude Include="spdlog\details\os.h">
      <Filter>Header Files</Filter>
    </ClInclude>
    <ClInclude Include="spdlog\details\os-inl.h">
      <Filter>Header Files</Filter>
    </ClInclude>
    <ClInclude Include="spdlog\details\periodic_worker.h">
      <Filter>Header Files</Filter>
    </ClInclude>
    <ClInclude Include="spdlog\details\periodic_worker-inl.h">
      <Filter>Header Files</Filter>
    </ClInclude>
    <ClInclude Include="spdlog\details\registry.h">
      <Filter>Header Files</Filter>
    </ClInclude>
    <ClInclude Include="spdlog\details\registry-inl.h">
      <Filter>Header Files</Filter>
    </ClInclude>
    <ClInclude Include="spdlog\details\synchronous_factory.h">
      <Filter>Header Files</Filter>
    </ClInclude>
    <ClInclude Include="spdlog\details\tcp_client.h">
      <Filter>Header Files</Filter>
    </ClInclude>
    <ClInclude Include="spdlog\details\tcp_client-windows.h">
      <Filter>Header Files</Filter>
    </ClInclude>
    <ClInclude Include="spdlog\details\thread_pool.h">
      <Filter>Header Files</Filter>
    </ClInclude>
    <ClInclude Include="spdlog\details\thread_pool-inl.h">
      <Filter>Header Files</Filter>
    </ClInclude>
    <ClInclude Include="spdlog\details\udp_client.h">
      <Filter>Header Files</Filter>
    </ClInclude>
    <ClInclude Include="spdlog\details\udp_client-windows.h">
      <Filter>Header Files</Filter>
    </ClInclude>
    <ClInclude Include="spdlog\details\windows_include.h">
      <Filter>Header Files</Filter>
    </ClInclude>
    <ClInclude Include="spdlog\fmt\bundled\args.h">
      <Filter>Header Files</Filter>
    </ClInclude>
    <ClInclude Include="spdlog\fmt\bundled\chrono.h">
      <Filter>Header Files</Filter>
    </ClInclude>
    <ClInclude Include="spdlog\fmt\bundled\color.h">
      <Filter>Header Files</Filter>
    </ClInclude>
    <ClInclude Include="spdlog\fmt\bundled\compile.h">
      <Filter>Header Files</Filter>
    </ClInclude>
    <ClInclude Include="spdlog\fmt\bundled\core.h">
      <Filter>Header Files</Filter>
    </ClInclude>
    <ClInclude Include="spdlog\fmt\bundled\format.h">
      <Filter>Header Files</Filter>
    </ClInclude>
    <ClInclude Include="spdlog\fmt\bundled\format-inl.h">
      <Filter>Header Files</Filter>
    </ClInclude>
    <ClInclude Include="spdlog\fmt\bundled\locale.h">
      <Filter>Header Files</Filter>
    </ClInclude>
    <ClInclude Include="spdlog\fmt\bundled\os.h">
      <Filter>Header Files</Filter>
    </ClInclude>
    <ClInclude Include="spdlog\fmt\bundled\ostream.h">
      <Filter>Header Files</Filter>
    </ClInclude>
    <ClInclude Include="spdlog\fmt\bundled\printf.h">
      <Filter>Header Files</Filter>
    </ClInclude>
    <ClInclude Include="spdlog\fmt\bundled\ranges.h">
      <Filter>Header Files</Filter>
    </ClInclude>
    <ClInclude Include="spdlog\fmt\bundled\std.h">
      <Filter>Header Files</Filter>
    </ClInclude>
    <ClInclude Include="spdlog\fmt\bundled\xchar.h">
      <Filter>Header Files</Filter>
    </ClInclude>
    <ClInclude Include="spdlog\fmt\bin_to_hex.h">
      <Filter>Header Files</Filter>
    </ClInclude>
    <ClInclude Include="spdlog\fmt\chrono.h">
      <Filter>Header Files</Filter>
    </ClInclude>
    <ClInclude Include="spdlog\fmt\compile.h">
      <Filter>Header Files</Filter>
    </ClInclude>
    <ClInclude Include="spdlog\fmt\fmt.h">
      <Filter>Header Files</Filter>
    </ClInclude>
    <ClInclude Include="spdlog\fmt\ostr.h">
      <Filter>Header Files</Filter>
    </ClInclude>
    <ClInclude Include="spdlog\fmt\ranges.h">
      <Filter>Header Files</Filter>
    </ClInclude>
    <ClInclude Include="spdlog\fmt\std.h">
      <Filter>Header Files</Filter>
    </ClInclude>
    <ClInclude Include="spdlog\fmt\xchar.h">
      <Filter>Header Files</Filter>
    </ClInclude>
    <ClInclude Include="spdlog\sinks\android_sink.h">
      <Filter>Header Files</Filter>
    </ClInclude>
    <ClInclude Include="spdlog\sinks\ansicolor_sink.h">
      <Filter>Header Files</Filter>
    </ClInclude>
    <ClInclude Include="spdlog\sinks\ansicolor_sink-inl.h">
      <Filter>Header Files</Filter>
    </ClInclude>
    <ClInclude Include="spdlog\sinks\base_sink.h">
      <Filter>Header Files</Filter>
    </ClInclude>
    <ClInclude Include="spdlog\sinks\base_sink-inl.h">
      <Filter>Header Files</Filter>
    </ClInclude>
    <ClInclude Include="spdlog\sinks\basic_file_sink.h">
      <Filter>Header Files</Filter>
    </ClInclude>
    <ClInclude Include="spdlog\sinks\basic_file_sink-inl.h">
      <Filter>Header Files</Filter>
    </ClInclude>
    <ClInclude Include="spdlog\sinks\callback_sink.h">
      <Filter>Header Files</Filter>
    </ClInclude>
    <ClInclude Include="spdlog\sinks\daily_file_sink.h">
      <Filter>Header Files</Filter>
    </ClInclude>
    <ClInclude Include="spdlog\sinks\dist_sink.h">
      <Filter>Header Files</Filter>
    </ClInclude>
    <ClInclude Include="spdlog\sinks\dup_filter_sink.h">
      <Filter>Header Files</Filter>
    </ClInclude>
    <ClInclude Include="spdlog\sinks\hourly_file_sink.h">
      <Filter>Header Files</Filter>
    </ClInclude>
    <ClInclude Include="spdlog\sinks\kafka_sink.h">
      <Filter>Header Files</Filter>
    </ClInclude>
    <ClInclude Include="spdlog\sinks\mongo_sink.h">
      <Filter>Header Files</Filter>
    </ClInclude>
    <ClInclude Include="spdlog\sinks\msvc_sink.h">
      <Filter>Header Files</Filter>
    </ClInclude>
    <ClInclude Include="spdlog\sinks\null_sink.h">
      <Filter>Header Files</Filter>
    </ClInclude>
    <ClInclude Include="spdlog\sinks\ostream_sink.h">
      <Filter>Header Files</Filter>
    </ClInclude>
    <ClInclude Include="spdlog\sinks\qt_sinks.h">
      <Filter>Header Files</Filter>
    </ClInclude>
    <ClInclude Include="spdlog\sinks\ringbuffer_sink.h">
      <Filter>Header Files</Filter>
    </ClInclude>
    <ClInclude Include="spdlog\sinks\rotating_file_sink.h">
      <Filter>Header Files</Filter>
    </ClInclude>
    <ClInclude Include="spdlog\sinks\rotating_file_sink-inl.h">
      <Filter>Header Files</Filter>
    </ClInclude>
    <ClInclude Include="spdlog\sinks\sink.h">
      <Filter>Header Files</Filter>
    </ClInclude>
    <ClInclude Include="spdlog\sinks\sink-inl.h">
      <Filter>Header Files</Filter>
    </ClInclude>
    <ClInclude Include="spdlog\sinks\stdout_color_sinks.h">
      <Filter>Header Files</Filter>
    </ClInclude>
    <ClInclude Include="spdlog\sinks\stdout_color_sinks-inl.h">
      <Filter>Header Files</Filter>
    </ClInclude>
    <ClInclude Include="spdlog\sinks\stdout_sinks.h">
      <Filter>Header Files</Filter>
    </ClInclude>
    <ClInclude Include="spdlog\sinks\stdout_sinks-inl.h">
      <Filter>Header Files</Filter>
    </ClInclude>
    <ClInclude Include="spdlog\sinks\syslog_sink.h">
      <Filter>Header Files</Filter>
    </ClInclude>
    <ClInclude Include="spdlog\sinks\systemd_sink.h">
      <Filter>Header Files</Filter>
    </ClInclude>
    <ClInclude Include="spdlog\sinks\tcp_sink.h">
      <Filter>Header Files</Filter>
    </ClInclude>
    <ClInclude Include="spdlog\sinks\udp_sink.h">
      <Filter>Header Files</Filter>
    </ClInclude>
    <ClInclude Include="spdlog\sinks\win_eventlog_sink.h">
      <Filter>Header Files</Filter>
    </ClInclude>
    <ClInclude Include="spdlog\sinks\wincolor_sink.h">
      <Filter>Header Files</Filter>
    </ClInclude>
    <ClInclude Include="spdlog\sinks\wincolor_sink-inl.h">
      <Filter>Header Files</Filter>
    </ClInclude>
    <ClInclude Include="spdlog\async.h">
      <Filter>Header Files</Filter>
    </ClInclude>
    <ClInclude Include="spdlog\async_logger.h">
      <Filter>Header Files</Filter>
    </ClInclude>
    <ClInclude Include="spdlog\async_logger-inl.h">
      <Filter>Header Files</Filter>
    </ClInclude>
    <ClInclude Include="spdlog\common.h">
      <Filter>Header Files</Filter>
    </ClInclude>
    <ClInclude Include="spdlog\common-inl.h">
      <Filter>Header Files</Filter>
    </ClInclude>
    <ClInclude Include="spdlog\formatter.h">
      <Filter>Header Files</Filter>
    </ClInclude>
    <ClInclude Include="spdlog\fwd.h">
      <Filter>Header Files</Filter>
    </ClInclude>
    <ClInclude Include="spdlog\logger.h">
      <Filter>Header Files</Filter>
    </ClInclude>
    <ClInclude Include="spdlog\logger-inl.h">
      <Filter>Header Files</Filter>
    </ClInclude>
    <ClInclude Include="spdlog\pattern_formatter.h">
      <Filter>Header Files</Filter>
    </ClInclude>
    <ClInclude Include="spdlog\pattern_formatter-inl.h">
      <Filter>Header Files</Filter>
    </ClInclude>
    <ClInclude Include="spdlog\spdlog.h">
      <Filter>Header Files</Filter>
    </ClInclude>
    <ClInclude Include="spdlog\spdlog-inl.h">
      <Filter>Header Files</Filter>
    </ClInclude>
    <ClInclude Include="spdlog\stopwatch.h">
      <Filter>Header Files</Filter>
    </ClInclude>
    <ClInclude Include="spdlog\tweakme.h">
      <Filter>Header Files</Filter>
    </ClInclude>
    <ClInclude Include="spdlog\version.h">
      <Filter>Header Files</Filter>
    </ClInclude>
    <ClInclude Include="BanSys.h">
      <Filter>Header Files</Filter>
    </ClInclude>
  </ItemGroup>
  <ItemGroup>
    <None Include="cursor4.cur">
      <Filter>Resource Files</Filter>
    </None>
    <None Include="ClientLogon.tli" />
    <None Include="thidchk.tlh" />
    <None Include="thidchk.tli" />
    <None Include="ClientLogon.tlh">
      <Filter>Source Files</Filter>
    </None>
  </ItemGroup>
  <ItemGroup>
    <Library Include="DesDll.lib">
      <Filter>Resource Files</Filter>
    </Library>
    <Library Include="ijl11.lib">
      <Filter>Resource Files</Filter>
    </Library>
  </ItemGroup>
  <ItemGroup>
    <Image Include="dragon.ico">
      <Filter>Resource Files</Filter>
    </Image>
    <Image Include="icon2.ico">
      <Filter>Resource Files</Filter>
    </Image>
  </ItemGroup>
</Project>